{
  "name": "finance-tracking",
  "lockfileVersion": 3,
  "requires": true,
  "packages": {
    "": {
      "dependencies": {
        "lemonx": "^1.0.6"
      }
    },
    "node_modules/lemonx": {
      "version": "1.0.6",
      "resolved": "https://registry.npmjs.org/lemonx/-/lemonx-1.0.6.tgz",
      "integrity": "sha512-lCIhiC2CVE6cwHOuwoqxGDRXjkc0bVo79F4G+DmCUyup+pKlY56m2JeuMtm/UoZUhAqucbBMiFBHQu5CYSFY0Q==",
      "license": "MIT",
      "bin": {
        "lemonx": "index.js"
      },
      "engines": {
        "node": ">=14.0.0"
      }
    }
  }
}
